
Microsoft Visual Studio Solution File, Format Version 12.00
# Visual Studio Version 16
VisualStudioVersion = 16.0.29926.136
MinimumVisualStudioVersion = 10.0.40219.1
Project("{FAE04EC0-301F-11D3-BF4B-00C04F79EFBC}") = "LabAB03", "LabAB03\LabAB03.csproj", "{BBB0F13A-0525-4BBD-BD1F-C059781C3B00}"
EndProject
Global
	GlobalSection(SolutionConfigurationPlatforms) = preSolution
		Debug|Any CPU = Debug|Any CPU
		Release|Any CPU = Release|Any CPU
	EndGlobalSection
	GlobalSection(ProjectConfigurationPlatforms) = postSolution
		{BBB0F13A-0525-4BBD-BD1F-C059781C3B00}.Debug|Any CPU.ActiveCfg = Debug|Any CPU
		{BBB0F13A-0525-4BBD-BD1F-C059781C3B00}.Debug|Any CPU.Build.0 = Debug|Any CPU
		{BBB0F13A-0525-4BBD-BD1F-C059781C3B00}.Release|Any CPU.ActiveCfg = Release|Any CPU
		{BBB0F13A-0525-4BBD-BD1F-C059781C3B00}.Release|Any CPU.Build.0 = Release|Any CPU
	EndGlobalSection
	GlobalSection(SolutionProperties) = preSolution
		HideSolutionNode = FALSE
	EndGlobalSection
	GlobalSection(ExtensibilityGlobals) = postSolution
		SolutionGuid = {96B6EB0C-2B87-4781-AEAE-50DB1214164C}
	EndGlobalSection
EndGlobal
