
Microsoft Visual Studio Solution File, Format Version 12.00
# Visual Studio Version 16
VisualStudioVersion = 16.0.29926.136
MinimumVisualStudioVersion = 10.0.40219.1
Project("{FAE04EC0-301F-11D3-BF4B-00C04F79EFBC}") = "LabAB04", "LabAB04\LabAB04.csproj", "{E87A862E-4ED0-4CE6-98F6-606F205E07C9}"
EndProject
Global
	GlobalSection(SolutionConfigurationPlatforms) = preSolution
		Debug|Any CPU = Debug|Any CPU
		Release|Any CPU = Release|Any CPU
	EndGlobalSection
	GlobalSection(ProjectConfigurationPlatforms) = postSolution
		{E87A862E-4ED0-4CE6-98F6-606F205E07C9}.Debug|Any CPU.ActiveCfg = Debug|Any CPU
		{E87A862E-4ED0-4CE6-98F6-606F205E07C9}.Debug|Any CPU.Build.0 = Debug|Any CPU
		{E87A862E-4ED0-4CE6-98F6-606F205E07C9}.Release|Any CPU.ActiveCfg = Release|Any CPU
		{E87A862E-4ED0-4CE6-98F6-606F205E07C9}.Release|Any CPU.Build.0 = Release|Any CPU
	EndGlobalSection
	GlobalSection(SolutionProperties) = preSolution
		HideSolutionNode = FALSE
	EndGlobalSection
	GlobalSection(ExtensibilityGlobals) = postSolution
		SolutionGuid = {628F88DD-56EB-42AF-81FE-DFE33838E16F}
	EndGlobalSection
EndGlobal
